Microsoft Visual Studio Solution File, Format Version 12.00
# Visual Studio Version 17
VisualStudioVersion = 17.5.2.0
MinimumVisualStudioVersion = 10.0.40219.1
Project("{2150E333-8FDC-42A3-9474-1A3956D46DE8}") = "tests", "tests", "{0AB3BF05-4346-4AA6-1389-037BE0695223}"
EndProject
Project("{2150E333-8FDC-42A3-9474-1A3956D46DE8}") = "src", "src", "{827E0CD3-B72D-47B6-A68D-7590B98EB39B}"
EndProject
Project("{FAE04EC0-301F-11D3-BF4B-00C04F79EFBC}") = "RNM.Platform.Tests.Integration", "tests\RNM.Platform.Tests.Integration\RNM.Platform.Tests.Integration.csproj", "{FA4ACD5C-C4C3-8A49-D42A-1A88ED53745A}"
EndProject
Project("{FAE04EC0-301F-11D3-BF4B-00C04F79EFBC}") = "RNM.Platform.Tests.Unit", "tests\RNM.Platform.Tests.Unit\RNM.Platform.Tests.Unit.csproj", "{CF87F50A-500F-2ECC-E072-26D056FFE2DF}"
EndProject
Project("{FAE04EC0-301F-11D3-BF4B-00C04F79EFBC}") = "RNM.Platform.Infrastructure", "src\RNM.Platform.Infrastructure\RNM.Platform.Infrastructure.csproj", "{4FCA48B9-4A7E-7286-558F-4B8CDD32EBAD}"
EndProject
Project("{FAE04EC0-301F-11D3-BF4B-00C04F79EFBC}") = "RNM.Platform.Application", "src\RNM.Platform.Application\RNM.Platform.Application.csproj", "{C9CFE5C2-3A42-68D2-F35B-45B5715D48A0}"
EndProject
Project("{FAE04EC0-301F-11D3-BF4B-00C04F79EFBC}") = "RNM.Platform.Domain", "src\RNM.Platform.Domain\RNM.Platform.Domain.csproj", "{A1A0C9BA-F4EE-F66C-826C-0273E423B149}"
EndProject
Project("{FAE04EC0-301F-11D3-BF4B-00C04F79EFBC}") = "RNM.Platform.Functions", "src\RNM.Platform.Functions\RNM.Platform.Functions.csproj", "{1CA01CFB-18EA-C904-169A-8F9F2F04E760}"
EndProject
Project("{2150E333-8FDC-42A3-9474-1A3956D46DE8}") = "RNM.Platform.Functions (1)", "RNM.Platform.Functions (1)", "{DA878484-1BBF-C8A1-D922-36E7EACC5695}"
EndProject
Project("{2150E333-8FDC-42A3-9474-1A3956D46DE8}") = "obj", "obj", "{0F5E5F4D-36FB-105D-F78E-FC7E13BF285C}"
EndProject
Project("{2150E333-8FDC-42A3-9474-1A3956D46DE8}") = "Debug", "Debug", "{F17172A2-C379-CBFD-02D2-3303058CCC04}"
EndProject
Project("{2150E333-8FDC-42A3-9474-1A3956D46DE8}") = "net10.0", "net10.0", "{CD3A0351-835D-D8D6-F554-40F5E5189629}"
EndProject
Project("{FAE04EC0-301F-11D3-BF4B-00C04F79EFBC}") = "WorkerExtensions", "src\RNM.Platform.Functions\obj\Debug\net10.0\WorkerExtensions\WorkerExtensions.csproj", "{BF60DEEA-797F-4AAE-56A2-AB800BBF5801}"
EndProject
Global
	GlobalSection(SolutionConfigurationPlatforms) = preSolution
		Debug|Any CPU = Debug|Any CPU
		Release|Any CPU = Release|Any CPU
	EndGlobalSection
	GlobalSection(ProjectConfigurationPlatforms) = postSolution
		{FA4ACD5C-C4C3-8A49-D42A-1A88ED53745A}.Debug|Any CPU.ActiveCfg = Debug|Any CPU
		{FA4ACD5C-C4C3-8A49-D42A-1A88ED53745A}.Debug|Any CPU.Build.0 = Debug|Any CPU
		{FA4ACD5C-C4C3-8A49-D42A-1A88ED53745A}.Release|Any CPU.ActiveCfg = Release|Any CPU
		{FA4ACD5C-C4C3-8A49-D42A-1A88ED53745A}.Release|Any CPU.Build.0 = Release|Any CPU
		{CF87F50A-500F-2ECC-E072-26D056FFE2DF}.Debug|Any CPU.ActiveCfg = Debug|Any CPU
		{CF87F50A-500F-2ECC-E072-26D056FFE2DF}.Debug|Any CPU.Build.0 = Debug|Any CPU
		{CF87F50A-500F-2ECC-E072-26D056FFE2DF}.Release|Any CPU.ActiveCfg = Release|Any CPU
		{CF87F50A-500F-2ECC-E072-26D056FFE2DF}.Release|Any CPU.Build.0 = Release|Any CPU
		{4FCA48B9-4A7E-7286-558F-4B8CDD32EBAD}.Debug|Any CPU.ActiveCfg = Debug|Any CPU
		{4FCA48B9-4A7E-7286-558F-4B8CDD32EBAD}.Debug|Any CPU.Build.0 = Debug|Any CPU
		{4FCA48B9-4A7E-7286-558F-4B8CDD32EBAD}.Release|Any CPU.ActiveCfg = Release|Any CPU
		{4FCA48B9-4A7E-7286-558F-4B8CDD32EBAD}.Release|Any CPU.Build.0 = Release|Any CPU
		{C9CFE5C2-3A42-68D2-F35B-45B5715D48A0}.Debug|Any CPU.ActiveCfg = Debug|Any CPU
		{C9CFE5C2-3A42-68D2-F35B-45B5715D48A0}.Debug|Any CPU.Build.0 = Debug|Any CPU
		{C9CFE5C2-3A42-68D2-F35B-45B5715D48A0}.Release|Any CPU.ActiveCfg = Release|Any CPU
		{C9CFE5C2-3A42-68D2-F35B-45B5715D48A0}.Release|Any CPU.Build.0 = Release|Any CPU
		{A1A0C9BA-F4EE-F66C-826C-0273E423B149}.Debug|Any CPU.ActiveCfg = Debug|Any CPU
		{A1A0C9BA-F4EE-F66C-826C-0273E423B149}.Debug|Any CPU.Build.0 = Debug|Any CPU
		{A1A0C9BA-F4EE-F66C-826C-0273E423B149}.Release|Any CPU.ActiveCfg = Release|Any CPU
		{A1A0C9BA-F4EE-F66C-826C-0273E423B149}.Release|Any CPU.Build.0 = Release|Any CPU
		{1CA01CFB-18EA-C904-169A-8F9F2F04E760}.Debug|Any CPU.ActiveCfg = Debug|Any CPU
		{1CA01CFB-18EA-C904-169A-8F9F2F04E760}.Debug|Any CPU.Build.0 = Debug|Any CPU
		{1CA01CFB-18EA-C904-169A-8F9F2F04E760}.Release|Any CPU.ActiveCfg = Release|Any CPU
		{1CA01CFB-18EA-C904-169A-8F9F2F04E760}.Release|Any CPU.Build.0 = Release|Any CPU
		{BF60DEEA-797F-4AAE-56A2-AB800BBF5801}.Debug|Any CPU.ActiveCfg = Debug|Any CPU
		{BF60DEEA-797F-4AAE-56A2-AB800BBF5801}.Debug|Any CPU.Build.0 = Debug|Any CPU
		{BF60DEEA-797F-4AAE-56A2-AB800BBF5801}.Release|Any CPU.ActiveCfg = Release|Any CPU
		{BF60DEEA-797F-4AAE-56A2-AB800BBF5801}.Release|Any CPU.Build.0 = Release|Any CPU
	EndGlobalSection
	GlobalSection(SolutionProperties) = preSolution
		HideSolutionNode = FALSE
	EndGlobalSection
	GlobalSection(NestedProjects) = preSolution
		{FA4ACD5C-C4C3-8A49-D42A-1A88ED53745A} = {0AB3BF05-4346-4AA6-1389-037BE0695223}
		{CF87F50A-500F-2ECC-E072-26D056FFE2DF} = {0AB3BF05-4346-4AA6-1389-037BE0695223}
		{4FCA48B9-4A7E-7286-558F-4B8CDD32EBAD} = {827E0CD3-B72D-47B6-A68D-7590B98EB39B}
		{C9CFE5C2-3A42-68D2-F35B-45B5715D48A0} = {827E0CD3-B72D-47B6-A68D-7590B98EB39B}
		{A1A0C9BA-F4EE-F66C-826C-0273E423B149} = {827E0CD3-B72D-47B6-A68D-7590B98EB39B}
		{1CA01CFB-18EA-C904-169A-8F9F2F04E760} = {827E0CD3-B72D-47B6-A68D-7590B98EB39B}
		{DA878484-1BBF-C8A1-D922-36E7EACC5695} = {827E0CD3-B72D-47B6-A68D-7590B98EB39B}
		{0F5E5F4D-36FB-105D-F78E-FC7E13BF285C} = {DA878484-1BBF-C8A1-D922-36E7EACC5695}
		{F17172A2-C379-CBFD-02D2-3303058CCC04} = {0F5E5F4D-36FB-105D-F78E-FC7E13BF285C}
		{CD3A0351-835D-D8D6-F554-40F5E5189629} = {F17172A2-C379-CBFD-02D2-3303058CCC04}
		{BF60DEEA-797F-4AAE-56A2-AB800BBF5801} = {CD3A0351-835D-D8D6-F554-40F5E5189629}
	EndGlobalSection
	GlobalSection(ExtensibilityGlobals) = postSolution
		SolutionGuid = {320E5326-6142-4098-BEDF-5B36D0841EDD}
	EndGlobalSection
EndGlobal
