<Solution>
  <Folder Name="/src/">
    <Project Path="src/AIMultiAgentPlatform.Api/AIMultiAgentPlatform.Api.csproj" />
    <Project Path="src/AIMultiAgentPlatform.Application/AIMultiAgentPlatform.Application.csproj" />
    <Project Path="src/AIMultiAgentPlatform.Contracts/AIMultiAgentPlatform.Contracts.csproj" />
    <Project Path="src/AIMultiAgentPlatform.Domain/AIMultiAgentPlatform.Domain.csproj" />
    <Project Path="src/AIMultiAgentPlatform.Functions/AIMultiAgentPlatform.Functions.csproj" />
    <Project Path="src/AIMultiAgentPlatform.Infrastructure/AIMultiAgentPlatform.Infrastructure.csproj" />
    <Project Path="src/AIMultiAgentPlatform.Mobile/AIMultiAgentPlatform.Mobile.csproj" />
    <Project Path="src/AIMultiAgentPlatform.Portal/AIMultiAgentPlatform.Portal.csproj" />
    <Project Path="src/AIMultiAgentPlatform.Workers/AIMultiAgentPlatform.Workers.csproj" />
  </Folder>
  <Folder Name="/tests/">
    <Project Path="tests/AIMultiAgentPlatform.Application.Tests/AIMultiAgentPlatform.Application.Tests.csproj" />
    <Project Path="tests/AIMultiAgentPlatform.ArchitectureTests/AIMultiAgentPlatform.ArchitectureTests.csproj" />
    <Project Path="tests/AIMultiAgentPlatform.Domain.Tests/AIMultiAgentPlatform.Domain.Tests.csproj" />
    <Project Path="tests/AIMultiAgentPlatform.Infrastructure.Tests/AIMultiAgentPlatform.Infrastructure.Tests.csproj" />
    <Project Path="tests/AIMultiAgentPlatform.IntegrationTests/AIMultiAgentPlatform.IntegrationTests.csproj" />
  </Folder>
</Solution>
